
Microsoft Visual Studio Solution File, Format Version 12.00
# Visual Studio Version 17
VisualStudioVersion = 17.11.35327.3
MinimumVisualStudioVersion = 10.0.40219.1
Project("{FAE04EC0-301F-11D3-BF4B-00C04F79EFBC}") = "ConsoleApp1", "ConsoleApp1.csproj", "{517A0D25-1345-4894-B617-BC3F7CB987CA}"
EndProject
Global
	GlobalSection(SolutionConfigurationPlatforms) = preSolution
		Debug|Any CPU = Debug|Any CPU
		Release|Any CPU = Release|Any CPU
	EndGlobalSection
	GlobalSection(ProjectConfigurationPlatforms) = postSolution
		{517A0D25-1345-4894-B617-BC3F7CB987CA}.Debug|Any CPU.ActiveCfg = Debug|Any CPU
		{517A0D25-1345-4894-B617-BC3F7CB987CA}.Debug|Any CPU.Build.0 = Debug|Any CPU
		{517A0D25-1345-4894-B617-BC3F7CB987CA}.Release|Any CPU.ActiveCfg = Release|Any CPU
		{517A0D25-1345-4894-B617-BC3F7CB987CA}.Release|Any CPU.Build.0 = Release|Any CPU
	EndGlobalSection
	GlobalSection(SolutionProperties) = preSolution
		HideSolutionNode = FALSE
	EndGlobalSection
	GlobalSection(ExtensibilityGlobals) = postSolution
		SolutionGuid = {30FACA5A-021B-48A4-B908-6679A952BD93}
	EndGlobalSection
EndGlobal
